{
    "_readme": [
        "This file locks the dependencies of your project to a known state",
        "Read more about it at https://getcomposer.org/doc/01-basic-usage.md#composer-lock-the-lock-file",
        "This file is @generated automatically"
    ],
    "hash": "ba012cd10bf6f44ddacb1d290984e9a6",
    "content-hash": "d33befd1452c4f9f646bf28c486b9d7d",
    "packages": [
        {
            "name": "helpscout/api",
            "version": "1.3.11",
            "source": {
                "type": "git",
                "url": "https://github.com/helpscout/helpscout-api-php.git",
                "reference": "45be7f9c623fb7854cc1215398c918544340df09"
            },
            "require": {
                "ext-curl": "*",
                "php": ">=5.3.2"
            },
            "type": "library",
            "autoload": {
                "psr-0": {
                    "HelpScout\\": "src/"
                }
            },
            "license": [
                "MIT"
            ],
            "description": "API client for the Help Scout API",
            "homepage": "http://www.helpscout.net",
            "keywords": [
                "api",
                "api-client",
                "helpscout"
            ],
            "time": "2014-12-03 13:38:38"
        }
    ],
    "packages-dev": [],
    "aliases": [],
    "minimum-stability": "stable",
    "stability-flags": [],
    "prefer-stable": false,
    "prefer-lowest": false,
    "platform": {
        "php": ">= 5.3"
    },
    "platform-dev": []
}
