{
    "_readme": [
        "This file locks the dependencies of your project to a known state",
        "Read more about it at https://getcomposer.org/doc/01-basic-usage.md#composer-lock-the-lock-file",
        "This file is @generated automatically"
    ],
    "hash": "1545301def9b28963ce68258e711db4f",
    "content-hash": "27336696181f45e7b32e5a664b0452fe",
    "packages": [
        {
            "name": "helpscout/api",
            "version": "1.3.11",
            "source": {
                "type": "git",
                "url": "https://github.com/helpscout/helpscout-api-php.git",
                "reference": "45be7f9c623fb7854cc1215398c918544340df09"
            },
            "require": {
                "ext-curl": "*",
                "php": ">=5.3.2"
            },
            "type": "library",
            "autoload": {
                "psr-0": {
                    "HelpScout\\": "src/"
                }
            },
            "license": [
                "MIT"
            ],
            "description": "API client for the Help Scout API",
            "homepage": "http://www.helpscout.net",
            "keywords": [
                "api",
                "api-client",
                "helpscout"
            ],
            "time": "2014-12-03 13:38:38"
        },
        {
            "name": "helpscout/apps",
            "version": "1.1.0",
            "source": {
                "type": "git",
                "url": "https://github.com/helpscout/helpscout-apps-php.git",
                "reference": "0e18ec0aaff18b10da6c7b851787f8413d3a0e7c"
            },
            "dist": {
                "type": "zip",
                "url": "https://api.github.com/repos/helpscout/helpscout-apps-php/zipball/0e18ec0aaff18b10da6c7b851787f8413d3a0e7c",
                "reference": "0e18ec0aaff18b10da6c7b851787f8413d3a0e7c",
                "shasum": ""
            },
            "require": {
                "ext-curl": "*",
                "php": ">=5.3.2"
            },
            "type": "library",
            "autoload": {
                "psr-0": {
                    "HelpScoutApp\\": "src/"
                }
            },
            "notification-url": "https://packagist.org/downloads/",
            "license": [
                "MIT"
            ],
            "description": "Client library to assist with building dynamic apps that integrate with the Help Scout UI",
            "homepage": "http://www.helpscout.net",
            "keywords": [
                "apps",
                "dynamic-app",
                "helpscout"
            ],
            "time": "2015-06-26 14:43:50"
        }
    ],
    "packages-dev": [],
    "aliases": [],
    "minimum-stability": "stable",
    "stability-flags": [],
    "prefer-stable": false,
    "prefer-lowest": false,
    "platform": {
        "php": ">= 5.3"
    },
    "platform-dev": []
}
